// !$*UTF8*$!
{
	archiveVersion = 1;
	classes = {
	};
	objectVersion = 50;
	objects = {

/* Begin PBXBuildFile section */
		C5551440222E6261008C54F8 /* AppDelegate.swift in Sources */ = {isa = PBXBuildFile; fileRef = C555143F222E6261008C54F8 /* AppDelegate.swift */; };
		C5551442222E6261008C54F8 /* ViewController.swift in Sources */ = {isa = PBXBuildFile; fileRef = C5551441222E6261008C54F8 /* ViewController.swift */; };
		C5551445222E6261008C54F8 /* Main.storyboard in Resources */ = {isa = PBXBuildFile; fileRef = C5551443222E6261008C54F8 /* Main.storyboard */; };
		C5551447222E6264008C54F8 /* Assets.xcassets in Resources */ = {isa = PBXBuildFile; fileRef = C5551446222E6264008C54F8 /* Assets.xcassets */; };
		C555144A222E6264008C54F8 /* LaunchScreen.storyboard in Resources */ = {isa = PBXBuildFile; fileRef = C5551448222E6264008C54F8 /* LaunchScreen.storyboard */; };
		DBAEA1E025527E80BE96DC91 /* Pods_Off_Screen_Rendering.framework in Frameworks */ = {isa = PBXBuildFile; fileRef = 6ED39850769C98CBA0F52BA0 /* Pods_Off_Screen_Rendering.framework */; };
/* End PBXBuildFile section */

/* Begin PBXFileReference section */
		6ED39850769C98CBA0F52BA0 /* Pods_Off_Screen_Rendering.framework */ = {isa = PBXFileReference; explicitFileType = wrapper.framework; includeInIndex = 0; path = Pods_Off_Screen_Rendering.framework; sourceTree = BUILT_PRODUCTS_DIR; };
		B5A87580FFCF32546C5E7065 /* Pods-Off-Screen Rendering.release.xcconfig */ = {isa = PBXFileReference; includeInIndex = 1; lastKnownFileType = text.xcconfig; name = "Pods-Off-Screen Rendering.release.xcconfig"; path = "Pods/Target Support Files/Pods-Off-Screen Rendering/Pods-Off-Screen Rendering.release.xcconfig"; sourceTree = "<group>"; };
		C555143C222E6261008C54F8 /* Off-Screen Rendering.app */ = {isa = PBXFileReference; explicitFileType = wrapper.application; includeInIndex = 0; path = "Off-Screen Rendering.app"; sourceTree = BUILT_PRODUCTS_DIR; };
		C555143F222E6261008C54F8 /* AppDelegate.swift */ = {isa = PBXFileReference; lastKnownFileType = sourcecode.swift; path = AppDelegate.swift; sourceTree = "<group>"; };
		C5551441222E6261008C54F8 /* ViewController.swift */ = {isa = PBXFileReference; lastKnownFileType = sourcecode.swift; path = ViewController.swift; sourceTree = "<group>"; };
		C5551444222E6261008C54F8 /* Base */ = {isa = PBXFileReference; lastKnownFileType = file.storyboard; name = Base; path = Base.lproj/Main.storyboard; sourceTree = "<group>"; };
		C5551446222E6264008C54F8 /* Assets.xcassets */ = {isa = PBXFileReference; lastKnownFileType = folder.assetcatalog; path = Assets.xcassets; sourceTree = "<group>"; };
		C5551449222E6264008C54F8 /* Base */ = {isa = PBXFileReference; lastKnownFileType = file.storyboard; name = Base; path = Base.lproj/LaunchScreen.storyboard; sourceTree = "<group>"; };
		C555144B222E6264008C54F8 /* Info.plist */ = {isa = PBXFileReference; lastKnownFileType = text.plist.xml; path = Info.plist; sourceTree = "<group>"; };
		E88C9019075C17D08B130474 /* Pods-Off-Screen Rendering.debug.xcconfig */ = {isa = PBXFileReference; includeInIndex = 1; lastKnownFileType = text.xcconfig; name = "Pods-Off-Screen Rendering.debug.xcconfig"; path = "Pods/Target Support Files/Pods-Off-Screen Rendering/Pods-Off-Screen Rendering.debug.xcconfig"; sourceTree = "<group>"; };
/* End PBXFileReference section */

/* Begin PBXFrameworksBuildPhase section */
		C5551439222E6261008C54F8 /* Frameworks */ = {
			isa = PBXFrameworksBuildPhase;
			buildActionMask = 2147483647;
			files = (
				DBAEA1E025527E80BE96DC91 /* Pods_Off_Screen_Rendering.framework in Frameworks */,
			);
			runOnlyForDeploymentPostprocessing = 0;
		};
/* End PBXFrameworksBuildPhase section */

/* Begin PBXGroup section */
		2F692BBCFDA557B270393E03 /* Pods */ = {
			isa = PBXGroup;
			children = (
				E88C9019075C17D08B130474 /* Pods-Off-Screen Rendering.debug.xcconfig */,
				B5A87580FFCF32546C5E7065 /* Pods-Off-Screen Rendering.release.xcconfig */,
			);
			name = Pods;
			sourceTree = "<group>";
		};
		48FF058E17CCD6CFDD738585 /* Frameworks */ = {
			isa = PBXGroup;
			children = (
				6ED39850769C98CBA0F52BA0 /* Pods_Off_Screen_Rendering.framework */,
			);
			name = Frameworks;
			sourceTree = "<group>";
		};
		C5551433222E6261008C54F8 = {
			isa = PBXGroup;
			children = (
				C555143E222E6261008C54F8 /* Off-Screen Rendering */,
				C555143D222E6261008C54F8 /* Products */,
				2F692BBCFDA557B270393E03 /* Pods */,
				48FF058E17CCD6CFDD738585 /* Frameworks */,
			);
			sourceTree = "<group>";
		};
		C555143D222E6261008C54F8 /* Products */ = {
			isa = PBXGroup;
			children = (
				C555143C222E6261008C54F8 /* Off-Screen Rendering.app */,
			);
			name = Products;
			sourceTree = "<group>";
		};
		C555143E222E6261008C54F8 /* Off-Screen Rendering */ = {
			isa = PBXGroup;
			children = (
				C555143F222E6261008C54F8 /* AppDelegate.swift */,
				C5551441222E6261008C54F8 /* ViewController.swift */,
				C5551443222E6261008C54F8 /* Main.storyboard */,
				C5551446222E6264008C54F8 /* Assets.xcassets */,
				C5551448222E6264008C54F8 /* LaunchScreen.storyboard */,
				C555144B222E6264008C54F8 /* Info.plist */,
			);
			path = "Off-Screen Rendering";
			sourceTree = "<group>";
		};
/* End PBXGroup section */

/* Begin PBXNativeTarget section */
		C555143B222E6261008C54F8 /* Off-Screen Rendering */ = {
			isa = PBXNativeTarget;
			buildConfigurationList = C555144E222E6264008C54F8 /* Build configuration list for PBXNativeTarget "Off-Screen Rendering" */;
			buildPhases = (
				B9C67DA7418929CDC5FBDB0C /* [CP] Check Pods Manifest.lock */,
				C5551438222E6261008C54F8 /* Sources */,
				C5551439222E6261008C54F8 /* Frameworks */,
				C555143A222E6261008C54F8 /* Resources */,
				8C284CB7972BCC917E5ED6FE /* [CP] Embed Pods Frameworks */,
			);
			buildRules = (
			);
			dependencies = (
			);
			name = "Off-Screen Rendering";
			productName = "Off-Screen Rendering";
			productReference = C555143C222E6261008C54F8 /* Off-Screen Rendering.app */;
			productType = "com.apple.product-type.application";
		};
/* End PBXNativeTarget section */

/* Begin PBXProject section */
		C5551434222E6261008C54F8 /* Project object */ = {
			isa = PBXProject;
			attributes = {
				LastSwiftUpdateCheck = 1010;
				LastUpgradeCheck = 1010;
				ORGANIZATIONNAME = haoyicn;
				TargetAttributes = {
					C555143B222E6261008C54F8 = {
						CreatedOnToolsVersion = 10.1;
					};
				};
			};
			buildConfigurationList = C5551437222E6261008C54F8 /* Build configuration list for PBXProject "Off-Screen Rendering" */;
			compatibilityVersion = "Xcode 9.3";
			developmentRegion = en;
			hasScannedForEncodings = 0;
			knownRegions = (
				en,
				Base,
			);
			mainGroup = C5551433222E6261008C54F8;
			productRefGroup = C555143D222E6261008C54F8 /* Products */;
			projectDirPath = "";
			projectRoot = "";
			targets = (
				C555143B222E6261008C54F8 /* Off-Screen Rendering */,
			);
		};
/* End PBXProject section */

/* Begin PBXResourcesBuildPhase section */
		C555143A222E6261008C54F8 /* Resources */ = {
			isa = PBXResourcesBuildPhase;
			buildActionMask = 2147483647;
			files = (
				C555144A222E6264008C54F8 /* LaunchScreen.storyboard in Resources */,
				C5551447222E6264008C54F8 /* Assets.xcassets in Resources */,
				C5551445222E6261008C54F8 /* Main.storyboard in Resources */,
			);
			runOnlyForDeploymentPostprocessing = 0;
		};
/* End PBXResourcesBuildPhase section */

/* Begin PBXShellScriptBuildPhase section */
		8C284CB7972BCC917E5ED6FE /* [CP] Embed Pods Frameworks */ = {
			isa = PBXShellScriptBuildPhase;
			buildActionMask = 2147483647;
			files = (
			);
			inputPaths = (
				"${SRCROOT}/Pods/Target Support Files/Pods-Off-Screen Rendering/Pods-Off-Screen Rendering-frameworks.sh",
				"${BUILT_PRODUCTS_DIR}/SnapKit/SnapKit.framework",
			);
			name = "[CP] Embed Pods Frameworks";
			outputPaths = (
				"${TARGET_BUILD_DIR}/${FRAMEWORKS_FOLDER_PATH}/SnapKit.framework",
			);
			runOnlyForDeploymentPostprocessing = 0;
			shellPath = /bin/sh;
			shellScript = "\"${SRCROOT}/Pods/Target Support Files/Pods-Off-Screen Rendering/Pods-Off-Screen Rendering-frameworks.sh\"\n";
			showEnvVarsInLog = 0;
		};
		B9C67DA7418929CDC5FBDB0C /* [CP] Check Pods Manifest.lock */ = {
			isa = PBXShellScriptBuildPhase;
			buildActionMask = 2147483647;
			files = (
			);
			inputPaths = (
				"${PODS_PODFILE_DIR_PATH}/Podfile.lock",
				"${PODS_ROOT}/Manifest.lock",
			);
			name = "[CP] Check Pods Manifest.lock";
			outputPaths = (
				"$(DERIVED_FILE_DIR)/Pods-Off-Screen Rendering-checkManifestLockResult.txt",
			);
			runOnlyForDeploymentPostprocessing = 0;
			shellPath = /bin/sh;
			shellScript = "diff \"${PODS_PODFILE_DIR_PATH}/Podfile.lock\" \"${PODS_ROOT}/Manifest.lock\" > /dev/null\nif [ $? != 0 ] ; then\n    # print error to STDERR\n    echo \"error: The sandbox is not in sync with the Podfile.lock. Run 'pod install' or update your CocoaPods installation.\" >&2\n    exit 1\nfi\n# This output is used by Xcode 'outputs' to avoid re-running this script phase.\necho \"SUCCESS\" > \"${SCRIPT_OUTPUT_FILE_0}\"\n";
			showEnvVarsInLog = 0;
		};
/* End PBXShellScriptBuildPhase section */

/* Begin PBXSourcesBuildPhase section */
		C5551438222E6261008C54F8 /* Sources */ = {
			isa = PBXSourcesBuildPhase;
			buildActionMask = 2147483647;
			files = (
				C5551442222E6261008C54F8 /* ViewController.swift in Sources */,
				C5551440222E6261008C54F8 /* AppDelegate.swift in Sources */,
			);
			runOnlyForDeploymentPostprocessing = 0;
		};
/* End PBXSourcesBuildPhase section */

/* Begin PBXVariantGroup section */
		C5551443222E6261008C54F8 /* Main.storyboard */ = {
			isa = PBXVariantGroup;
			children = (
				C5551444222E6261008C54F8 /* Base */,
			);
			name = Main.storyboard;
			sourceTree = "<group>";
		};
		C5551448222E6264008C54F8 /* LaunchScreen.storyboard */ = {
			isa = PBXVariantGroup;
			children = (
				C5551449222E6264008C54F8 /* Base */,
			);
			name = LaunchScreen.storyboard;
			sourceTree = "<group>";
		};
/* End PBXVariantGroup section */

/* Begin XCBuildConfiguration section */
		C555144C222E6264008C54F8 /* Debug */ = {
			isa = XCBuildConfiguration;
			buildSettings = {
				ALWAYS_SEARCH_USER_PATHS = NO;
				CLANG_ANALYZER_NONNULL = YES;
				CLANG_ANALYZER_NUMBER_OBJECT_CONVERSION = YES_AGGRESSIVE;
				CLANG_CXX_LANGUAGE_STANDARD = "gnu++14";
				CLANG_CXX_LIBRARY = "libc++";
				CLANG_ENABLE_MODULES = YES;
				CLANG_ENABLE_OBJC_ARC = YES;
				CLANG_ENABLE_OBJC_WEAK = YES;
				CLANG_WARN_BLOCK_CAPTURE_AUTORELEASING = YES;
				CLANG_WARN_BOOL_CONVERSION = YES;
				CLANG_WARN_COMMA = YES;
				CLANG_WARN_CONSTANT_CONVERSION = YES;
				CLANG_WARN_DEPRECATED_OBJC_IMPLEMENTATIONS = YES;
				CLANG_WARN_DIRECT_OBJC_ISA_USAGE = YES_ERROR;
				CLANG_WARN_DOCUMENTATION_COMMENTS = YES;
				CLANG_WARN_EMPTY_BODY = YES;
				CLANG_WARN_ENUM_CONVERSION = YES;
				CLANG_WARN_INFINITE_RECURSION = YES;
				CLANG_WARN_INT_CONVERSION = YES;
				CLANG_WARN_NON_LITERAL_NULL_CONVERSION = YES;
				CLANG_WARN_OBJC_IMPLICIT_RETAIN_SELF = YES;
				CLANG_WARN_OBJC_LITERAL_CONVERSION = YES;
				CLANG_WARN_OBJC_ROOT_CLASS = YES_ERROR;
				CLANG_WARN_RANGE_LOOP_ANALYSIS = YES;
				CLANG_WARN_STRICT_PROTOTYPES = YES;
				CLANG_WARN_SUSPICIOUS_MOVE = YES;
				CLANG_WARN_UNGUARDED_AVAILABILITY = YES_AGGRESSIVE;
				CLANG_WARN_UNREACHABLE_CODE = YES;
				CLANG_WARN__DUPLICATE_METHOD_MATCH = YES;
				CODE_SIGN_IDENTITY = "iPhone Developer";
				COPY_PHASE_STRIP = NO;
				DEBUG_INFORMATION_FORMAT = dwarf;
				ENABLE_STRICT_OBJC_MSGSEND = YES;
				ENABLE_TESTABILITY = YES;
				GCC_C_LANGUAGE_STANDARD = gnu11;
				GCC_DYNAMIC_NO_PIC = NO;
				GCC_NO_COMMON_BLOCKS = YES;
				GCC_OPTIMIZATION_LEVEL = 0;
				GCC_PREPROCESSOR_DEFINITIONS = (
					"DEBUG=1",
					"$(inherited)",
				);
				GCC_WARN_64_TO_32_BIT_CONVERSION = YES;
				GCC_WARN_ABOUT_RETURN_TYPE = YES_ERROR;
				GCC_WARN_UNDECLARED_SELECTOR = YES;
				GCC_WARN_UNINITIALIZED_AUTOS = YES_AGGRESSIVE;
				GCC_WARN_UNUSED_FUNCTION = YES;
				GCC_WARN_UNUSED_VARIABLE = YES;
				IPHONEOS_DEPLOYMENT_TARGET = 12.1;
				MTL_ENABLE_DEBUG_INFO = INCLUDE_SOURCE;
				MTL_FAST_MATH = YES;
				ONLY_ACTIVE_ARCH = YES;
				SDKROOT = iphoneos;
				SWIFT_ACTIVE_COMPILATION_CONDITIONS = DEBUG;
				SWIFT_OPTIMIZATION_LEVEL = "-Onone";
			};
			name = Debug;
		};
		C555144D222E6264008C54F8 /* Release */ = {
			isa = XCBuildConfiguration;
			buildSettings = {
				ALWAYS_SEARCH_USER_PATHS = NO;
				CLANG_ANALYZER_NONNULL = YES;
				CLANG_ANALYZER_NUMBER_OBJECT_CONVERSION = YES_AGGRESSIVE;
				CLANG_CXX_LANGUAGE_STANDARD = "gnu++14";
				CLANG_CXX_LIBRARY = "libc++";
				CLANG_ENABLE_MODULES = YES;
				CLANG_ENABLE_OBJC_ARC = YES;
				CLANG_ENABLE_OBJC_WEAK = YES;
				CLANG_WARN_BLOCK_CAPTURE_AUTORELEASING = YES;
				CLANG_WARN_BOOL_CONVERSION = YES;
				CLANG_WARN_COMMA = YES;
				CLANG_WARN_CONSTANT_CONVERSION = YES;
				CLANG_WARN_DEPRECATED_OBJC_IMPLEMENTATIONS = YES;
				CLANG_WARN_DIRECT_OBJC_ISA_USAGE = YES_ERROR;
				CLANG_WARN_DOCUMENTATION_COMMENTS = YES;
				CLANG_WARN_EMPTY_BODY = YES;
				CLANG_WARN_ENUM_CONVERSION = YES;
				CLANG_WARN_INFINITE_RECURSION = YES;
				CLANG_WARN_INT_CONVERSION = YES;
				CLANG_WARN_NON_LITERAL_NULL_CONVERSION = YES;
				CLANG_WARN_OBJC_IMPLICIT_RETAIN_SELF = YES;
				CLANG_WARN_OBJC_LITERAL_CONVERSION = YES;
				CLANG_WARN_OBJC_ROOT_CLASS = YES_ERROR;
				CLANG_WARN_RANGE_LOOP_ANALYSIS = YES;
				CLANG_WARN_STRICT_PROTOTYPES = YES;
				CLANG_WARN_SUSPICIOUS_MOVE = YES;
				CLANG_WARN_UNGUARDED_AVAILABILITY = YES_AGGRESSIVE;
				CLANG_WARN_UNREACHABLE_CODE = YES;
				CLANG_WARN__DUPLICATE_METHOD_MATCH = YES;
				CODE_SIGN_IDENTITY = "iPhone Developer";
				COPY_PHASE_STRIP = NO;
				DEBUG_INFORMATION_FORMAT = "dwarf-with-dsym";
				ENABLE_NS_ASSERTIONS = NO;
				ENABLE_STRICT_OBJC_MSGSEND = YES;
				GCC_C_LANGUAGE_STANDARD = gnu11;
				GCC_NO_COMMON_BLOCKS = YES;
				GCC_WARN_64_TO_32_BIT_CONVERSION = YES;
				GCC_WARN_ABOUT_RETURN_TYPE = YES_ERROR;
				GCC_WARN_UNDECLARED_SELECTOR = YES;
				GCC_WARN_UNINITIALIZED_AUTOS = YES_AGGRESSIVE;
				GCC_WARN_UNUSED_FUNCTION = YES;
				GCC_WARN_UNUSED_VARIABLE = YES;
				IPHONEOS_DEPLOYMENT_TARGET = 12.1;
				MTL_ENABLE_DEBUG_INFO = NO;
				MTL_FAST_MATH = YES;
				SDKROOT = iphoneos;
				SWIFT_COMPILATION_MODE = wholemodule;
				SWIFT_OPTIMIZATION_LEVEL = "-O";
				VALIDATE_PRODUCT = YES;
			};
			name = Release;
		};
		C555144F222E6264008C54F8 /* Debug */ = {
			isa = XCBuildConfiguration;
			baseConfigurationReference = E88C9019075C17D08B130474 /* Pods-Off-Screen Rendering.debug.xcconfig */;
			buildSettings = {
				ASSETCATALOG_COMPILER_APPICON_NAME = AppIcon;
				CODE_SIGN_STYLE = Automatic;
				DEVELOPMENT_TEAM = 6JZK4W7745;
				INFOPLIST_FILE = "Off-Screen Rendering/Info.plist";
				IPHONEOS_DEPLOYMENT_TARGET = 11.0;
				LD_RUNPATH_SEARCH_PATHS = (
					"$(inherited)",
					"@executable_path/Frameworks",
				);
				PRODUCT_BUNDLE_IDENTIFIER = "com.haoyicn.Off-Screen-Rendering";
				PRODUCT_NAME = "$(TARGET_NAME)";
				SWIFT_VERSION = 4.2;
				TARGETED_DEVICE_FAMILY = 1;
			};
			name = Debug;
		};
		C5551450222E6264008C54F8 /* Release */ = {
			isa = XCBuildConfiguration;
			baseConfigurationReference = B5A87580FFCF32546C5E7065 /* Pods-Off-Screen Rendering.release.xcconfig */;
			buildSettings = {
				ASSETCATALOG_COMPILER_APPICON_NAME = AppIcon;
				CODE_SIGN_STYLE = Automatic;
				DEVELOPMENT_TEAM = 6JZK4W7745;
				INFOPLIST_FILE = "Off-Screen Rendering/Info.plist";
				IPHONEOS_DEPLOYMENT_TARGET = 11.0;
				LD_RUNPATH_SEARCH_PATHS = (
					"$(inherited)",
					"@executable_path/Frameworks",
				);
				PRODUCT_BUNDLE_IDENTIFIER = "com.haoyicn.Off-Screen-Rendering";
				PRODUCT_NAME = "$(TARGET_NAME)";
				SWIFT_VERSION = 4.2;
				TARGETED_DEVICE_FAMILY = 1;
			};
			name = Release;
		};
/* End XCBuildConfiguration section */

/* Begin XCConfigurationList section */
		C5551437222E6261008C54F8 /* Build configuration list for PBXProject "Off-Screen Rendering" */ = {
			isa = XCConfigurationList;
			buildConfigurations = (
				C555144C222E6264008C54F8 /* Debug */,
				C555144D222E6264008C54F8 /* Release */,
			);
			defaultConfigurationIsVisible = 0;
			defaultConfigurationName = Release;
		};
		C555144E222E6264008C54F8 /* Build configuration list for PBXNativeTarget "Off-Screen Rendering" */ = {
			isa = XCConfigurationList;
			buildConfigurations = (
				C555144F222E6264008C54F8 /* Debug */,
				C5551450222E6264008C54F8 /* Release */,
			);
			defaultConfigurationIsVisible = 0;
			defaultConfigurationName = Release;
		};
/* End XCConfigurationList section */
	};
	rootObject = C5551434222E6261008C54F8 /* Project object */;
}
